{
  "version": 4,
  "terraform_version": "1.13.2",
  "serial": 16,
  "lineage": "4ba392aa-09ff-920f-6be0-37622d7c0f83",
  "outputs": {
    "transfer_base_url": {
      "value": "https://transfershxuil1jyq-transfer-sh.functions.fnc.nl-ams.scw.cloud",
      "type": "string"
    },
    "transfer_domain": {
      "value": "transfershxuil1jyq-transfer-sh.functions.fnc.nl-ams.scw.cloud",
      "type": "string"
    }
  },
  "resources": [
    {
      "mode": "managed",
      "type": "scaleway_container",
      "name": "transfer",
      "provider": "provider[\"registry.terraform.io/scaleway/scaleway\"]",
      "instances": [
        {
          "schema_version": 0,
          "attributes": {
            "args": [
              "--provider",
              "local",
              "--basedir",
              "/data",
              "--listener",
              ":8080",
              "--purge-days",
              "1",
              "--purge-interval",
              "1",
              "--max-upload-size",
              "50M"
            ],
            "command": [],
            "cpu_limit": 350,
            "cron_status": "error",
            "deploy": true,
            "description": "",
            "domain_name": "transfershxuil1jyq-transfer-sh.functions.fnc.nl-ams.scw.cloud",
            "environment_variables": {
              "TMPDIR": "/data"
            },
            "error_message": "Container is unable to start OR does not respond to HTTP requests on / . Check your logs on Cockpit for more details",
            "health_check": [
              {
                "failure_threshold": 3,
                "http": [
                  {
                    "path": "/"
                  }
                ],
                "interval": "30s"
              }
            ],
            "http_option": "enabled",
            "id": "nl-ams/2ce75907-409c-47f7-b474-5b8e0848be63",
            "local_storage_limit": 1000,
            "max_concurrency": 50,
            "max_scale": 1,
            "memory_limit": 512,
            "min_scale": 1,
            "name": "transfer-sh",
            "namespace_id": "nl-ams/c4d1df95-48e9-4774-bbd8-128d184be6d8",
            "port": 8080,
            "privacy": "public",
            "private_network_id": "",
            "protocol": "http1",
            "region": "nl-ams",
            "registry_image": "rg.nl-ams.scw.cloud/funcscwtransfershxuil1jyq/transfer-sh:v1.6.1",
            "registry_sha256": null,
            "sandbox": "v2",
            "scaling_option": [
              {
                "concurrent_requests_threshold": 50,
                "cpu_usage_threshold": 0,
                "memory_usage_threshold": 0
              }
            ],
            "secret_environment_variables": {},
            "status": "error",
            "tags": [],
            "timeout": 300,
            "timeouts": null
          },
          "sensitive_attributes": [
            [
              {
                "type": "get_attr",
                "value": "secret_environment_variables"
              }
            ]
          ],
          "identity_schema_version": 0,
          "private": "eyJlMmJmYjczMC1lY2FhLTExZTYtOGY4OC0zNDM2M2JjN2M0YzAiOnsiY3JlYXRlIjo3NTAwMDAwMDAwMDAsImRlZmF1bHQiOjc1MDAwMDAwMDAwMCwiZGVsZXRlIjo3NTAwMDAwMDAwMDAsInJlYWQiOjc1MDAwMDAwMDAwMCwidXBkYXRlIjo3NTAwMDAwMDAwMDB9fQ==",
          "dependencies": [
            "scaleway_container_namespace.transfer"
          ]
        }
      ]
    },
    {
      "mode": "managed",
      "type": "scaleway_container_namespace",
      "name": "transfer",
      "provider": "provider[\"registry.terraform.io/scaleway/scaleway\"]",
      "instances": [
        {
          "schema_version": 0,
          "attributes": {
            "activate_vpc_integration": true,
            "description": "Temporary uploads for OpenDocument Reader via transfer.sh",
            "destroy_registry": false,
            "environment_variables": {},
            "id": "nl-ams/c4d1df95-48e9-4774-bbd8-128d184be6d8",
            "name": "transfer-sh",
            "organization_id": "81e43e7c-903e-4aaa-a98d-479f47c3138d",
            "project_id": "81e43e7c-903e-4aaa-a98d-479f47c3138d",
            "region": "nl-ams",
            "registry_endpoint": "rg.nl-ams.scw.cloud/funcscwtransfershxuil1jyq",
            "registry_namespace_id": "fb8dad7c-7215-4006-a164-a4fe36c0c3ee",
            "secret_environment_variables": {},
            "tags": [],
            "timeouts": null
          },
          "sensitive_attributes": [
            [
              {
                "type": "get_attr",
                "value": "secret_environment_variables"
              }
            ]
          ],
          "identity_schema_version": 0,
          "private": "eyJlMmJmYjczMC1lY2FhLTExZTYtOGY4OC0zNDM2M2JjN2M0YzAiOnsiY3JlYXRlIjozMDAwMDAwMDAwMDAsImRlZmF1bHQiOjMwMDAwMDAwMDAwMCwiZGVsZXRlIjozMDAwMDAwMDAwMDAsInJlYWQiOjMwMDAwMDAwMDAwMCwidXBkYXRlIjozMDAwMDAwMDAwMDB9fQ=="
        }
      ]
    }
  ],
  "check_results": null
}
